
Microsoft Visual Studio Solution File, Format Version 12.00
# Visual Studio Version 16
VisualStudioVersion = 16.0.30406.217
MinimumVisualStudioVersion = 10.0.40219.1
Project("{9A19103F-16F7-4668-BE54-9A1E7A4F7556}") = "SEDCWebApplication", "SEDCWebApplication\SEDCWebApplication.csproj", "{7F3C0A34-1E9A-4E14-8A19-1EFEAE0DBE8A}"
EndProject
Project("{2150E333-8FDC-42A3-9474-1A3956D46DE8}") = "BLL", "BLL", "{18890697-D88F-462F-8ECA-0EAE087547B0}"
EndProject
Project("{FAE04EC0-301F-11D3-BF4B-00C04F79EFBC}") = "SEDCWebApplication.BLL.logic", "SEDCWebApplication.BLL.logic\SEDCWebApplication.BLL.logic.csproj", "{2F821BE6-C6FB-4C08-A3F6-C2C19789186F}"
EndProject
Project("{2150E333-8FDC-42A3-9474-1A3956D46DE8}") = "DAL", "DAL", "{3C9ABCF0-D9E3-4816-8E54-B6B1B2767AAB}"
EndProject
Project("{FAE04EC0-301F-11D3-BF4B-00C04F79EFBC}") = "SEDCWebApplication.DAL.data", "SEDCWebApplication.DAL.data\SEDCWebApplication.DAL.data.csproj", "{F19BEACB-6A61-48B8-BF87-9AD91A74629F}"
EndProject
Global
	GlobalSection(SolutionConfigurationPlatforms) = preSolution
		Debug|Any CPU = Debug|Any CPU
		Release|Any CPU = Release|Any CPU
	EndGlobalSection
	GlobalSection(ProjectConfigurationPlatforms) = postSolution
		{7F3C0A34-1E9A-4E14-8A19-1EFEAE0DBE8A}.Debug|Any CPU.ActiveCfg = Debug|Any CPU
		{7F3C0A34-1E9A-4E14-8A19-1EFEAE0DBE8A}.Debug|Any CPU.Build.0 = Debug|Any CPU
		{7F3C0A34-1E9A-4E14-8A19-1EFEAE0DBE8A}.Release|Any CPU.ActiveCfg = Release|Any CPU
		{7F3C0A34-1E9A-4E14-8A19-1EFEAE0DBE8A}.Release|Any CPU.Build.0 = Release|Any CPU
		{2F821BE6-C6FB-4C08-A3F6-C2C19789186F}.Debug|Any CPU.ActiveCfg = Debug|Any CPU
		{2F821BE6-C6FB-4C08-A3F6-C2C19789186F}.Debug|Any CPU.Build.0 = Debug|Any CPU
		{2F821BE6-C6FB-4C08-A3F6-C2C19789186F}.Release|Any CPU.ActiveCfg = Release|Any CPU
		{2F821BE6-C6FB-4C08-A3F6-C2C19789186F}.Release|Any CPU.Build.0 = Release|Any CPU
		{F19BEACB-6A61-48B8-BF87-9AD91A74629F}.Debug|Any CPU.ActiveCfg = Debug|Any CPU
		{F19BEACB-6A61-48B8-BF87-9AD91A74629F}.Debug|Any CPU.Build.0 = Debug|Any CPU
		{F19BEACB-6A61-48B8-BF87-9AD91A74629F}.Release|Any CPU.ActiveCfg = Release|Any CPU
		{F19BEACB-6A61-48B8-BF87-9AD91A74629F}.Release|Any CPU.Build.0 = Release|Any CPU
	EndGlobalSection
	GlobalSection(SolutionProperties) = preSolution
		HideSolutionNode = FALSE
	EndGlobalSection
	GlobalSection(NestedProjects) = preSolution
		{2F821BE6-C6FB-4C08-A3F6-C2C19789186F} = {18890697-D88F-462F-8ECA-0EAE087547B0}
		{F19BEACB-6A61-48B8-BF87-9AD91A74629F} = {3C9ABCF0-D9E3-4816-8E54-B6B1B2767AAB}
	EndGlobalSection
	GlobalSection(ExtensibilityGlobals) = postSolution
		SolutionGuid = {78B57FE5-25C1-4C66-807E-D640D2827950}
	EndGlobalSection
EndGlobal
